// !$*UTF8*$!
{
	archiveVersion = 1;
	classes = {
	};
	objectVersion = 55;
	objects = {

/* Begin PBXBuildFile section */
		AF2C755229928F090056A435 /* SheetView.swift in Sources */ = {isa = PBXBuildFile; fileRef = AF2C755129928F090056A435 /* SheetView.swift */; };
		AF541A5E297ED4C30016C429 /* Tests_iOS.swift in Sources */ = {isa = PBXBuildFile; fileRef = AF541A5D297ED4C30016C429 /* Tests_iOS.swift */; };
		AF541A60297ED4C30016C429 /* Tests_iOSLaunchTests.swift in Sources */ = {isa = PBXBuildFile; fileRef = AF541A5F297ED4C30016C429 /* Tests_iOSLaunchTests.swift */; };
		AF541A6A297ED4C30016C429 /* Tests_macOS.swift in Sources */ = {isa = PBXBuildFile; fileRef = AF541A69297ED4C30016C429 /* Tests_macOS.swift */; };
		AF541A6C297ED4C30016C429 /* Tests_macOSLaunchTests.swift in Sources */ = {isa = PBXBuildFile; fileRef = AF541A6B297ED4C30016C429 /* Tests_macOSLaunchTests.swift */; };
		AF541A6D297ED4C30016C429 /* ProjetApp.swift in Sources */ = {isa = PBXBuildFile; fileRef = AF541A45297ED4BF0016C429 /* ProjetApp.swift */; };
		AF541A6E297ED4C30016C429 /* ProjetApp.swift in Sources */ = {isa = PBXBuildFile; fileRef = AF541A45297ED4BF0016C429 /* ProjetApp.swift */; };
		AF541A6F297ED4C30016C429 /* ContentView.swift in Sources */ = {isa = PBXBuildFile; fileRef = AF541A46297ED4BF0016C429 /* ContentView.swift */; };
		AF541A70297ED4C30016C429 /* ContentView.swift in Sources */ = {isa = PBXBuildFile; fileRef = AF541A46297ED4BF0016C429 /* ContentView.swift */; };
		AF541A71297ED4C30016C429 /* Assets.xcassets in Resources */ = {isa = PBXBuildFile; fileRef = AF541A47297ED4C30016C429 /* Assets.xcassets */; };
		AF541A72297ED4C30016C429 /* Assets.xcassets in Resources */ = {isa = PBXBuildFile; fileRef = AF541A47297ED4C30016C429 /* Assets.xcassets */; };
		AF541A83297ED53D0016C429 /* MapView.swift in Sources */ = {isa = PBXBuildFile; fileRef = AF541A82297ED53D0016C429 /* MapView.swift */; };
		AF541A85297ED54B0016C429 /* ListView.swift in Sources */ = {isa = PBXBuildFile; fileRef = AF541A84297ED54B0016C429 /* ListView.swift */; };
		AF541A87297ED5640016C429 /* ProfileView.swift in Sources */ = {isa = PBXBuildFile; fileRef = AF541A86297ED5640016C429 /* ProfileView.swift */; };
		AF541A89297ED5880016C429 /* MainView.swift in Sources */ = {isa = PBXBuildFile; fileRef = AF541A88297ED5880016C429 /* MainView.swift */; };
		AF541A8B297EDE1C0016C429 /* RowView.swift in Sources */ = {isa = PBXBuildFile; fileRef = AF541A8A297EDE1C0016C429 /* RowView.swift */; };
		E241FB792992A75600076F3A /* User.swift in Sources */ = {isa = PBXBuildFile; fileRef = E241FB782992A75600076F3A /* User.swift */; };
		E241FB7B2992A89D00076F3A /* File.swift in Sources */ = {isa = PBXBuildFile; fileRef = E241FB7A2992A89D00076F3A /* File.swift */; };
		E241FB7D2992A91E00076F3A /* ConferenceViewModel.swift in Sources */ = {isa = PBXBuildFile; fileRef = E241FB7C2992A91E00076F3A /* ConferenceViewModel.swift */; };
/* End PBXBuildFile section */

/* Begin PBXContainerItemProxy section */
		AF541A5A297ED4C30016C429 /* PBXContainerItemProxy */ = {
			isa = PBXContainerItemProxy;
			containerPortal = AF541A40297ED4BF0016C429 /* Project object */;
			proxyType = 1;
			remoteGlobalIDString = AF541A4B297ED4C30016C429;
			remoteInfo = "Projet (iOS)";
		};
		AF541A66297ED4C30016C429 /* PBXContainerItemProxy */ = {
			isa = PBXContainerItemProxy;
			containerPortal = AF541A40297ED4BF0016C429 /* Project object */;
			proxyType = 1;
			remoteGlobalIDString = AF541A51297ED4C30016C429;
			remoteInfo = "Projet (macOS)";
		};
/* End PBXContainerItemProxy section */

/* Begin PBXFileReference section */
		AF2C755129928F090056A435 /* SheetView.swift */ = {isa = PBXFileReference; lastKnownFileType = sourcecode.swift; path = SheetView.swift; sourceTree = "<group>"; };
		AF541A45297ED4BF0016C429 /* ProjetApp.swift */ = {isa = PBXFileReference; lastKnownFileType = sourcecode.swift; path = ProjetApp.swift; sourceTree = "<group>"; };
		AF541A46297ED4BF0016C429 /* ContentView.swift */ = {isa = PBXFileReference; lastKnownFileType = sourcecode.swift; path = ContentView.swift; sourceTree = "<group>"; };
		AF541A47297ED4C30016C429 /* Assets.xcassets */ = {isa = PBXFileReference; lastKnownFileType = folder.assetcatalog; path = Assets.xcassets; sourceTree = "<group>"; };
		AF541A4C297ED4C30016C429 /* Projet.app */ = {isa = PBXFileReference; explicitFileType = wrapper.application; includeInIndex = 0; path = Projet.app; sourceTree = BUILT_PRODUCTS_DIR; };
		AF541A52297ED4C30016C429 /* Projet.app */ = {isa = PBXFileReference; explicitFileType = wrapper.application; includeInIndex = 0; path = Projet.app; sourceTree = BUILT_PRODUCTS_DIR; };
		AF541A54297ED4C30016C429 /* macOS.entitlements */ = {isa = PBXFileReference; lastKnownFileType = text.plist.entitlements; path = macOS.entitlements; sourceTree = "<group>"; };
		AF541A59297ED4C30016C429 /* Tests iOS.xctest */ = {isa = PBXFileReference; explicitFileType = wrapper.cfbundle; includeInIndex = 0; path = "Tests iOS.xctest"; sourceTree = BUILT_PRODUCTS_DIR; };
		AF541A5D297ED4C30016C429 /* Tests_iOS.swift */ = {isa = PBXFileReference; lastKnownFileType = sourcecode.swift; path = Tests_iOS.swift; sourceTree = "<group>"; };
		AF541A5F297ED4C30016C429 /* Tests_iOSLaunchTests.swift */ = {isa = PBXFileReference; lastKnownFileType = sourcecode.swift; path = Tests_iOSLaunchTests.swift; sourceTree = "<group>"; };
		AF541A65297ED4C30016C429 /* Tests macOS.xctest */ = {isa = PBXFileReference; explicitFileType = wrapper.cfbundle; includeInIndex = 0; path = "Tests macOS.xctest"; sourceTree = BUILT_PRODUCTS_DIR; };
		AF541A69297ED4C30016C429 /* Tests_macOS.swift */ = {isa = PBXFileReference; lastKnownFileType = sourcecode.swift; path = Tests_macOS.swift; sourceTree = "<group>"; };
		AF541A6B297ED4C30016C429 /* Tests_macOSLaunchTests.swift */ = {isa = PBXFileReference; lastKnownFileType = sourcecode.swift; path = Tests_macOSLaunchTests.swift; sourceTree = "<group>"; };
		AF541A82297ED53D0016C429 /* MapView.swift */ = {isa = PBXFileReference; lastKnownFileType = sourcecode.swift; path = MapView.swift; sourceTree = "<group>"; };
		AF541A84297ED54B0016C429 /* ListView.swift */ = {isa = PBXFileReference; lastKnownFileType = sourcecode.swift; path = ListView.swift; sourceTree = "<group>"; };
		AF541A86297ED5640016C429 /* ProfileView.swift */ = {isa = PBXFileReference; lastKnownFileType = sourcecode.swift; path = ProfileView.swift; sourceTree = "<group>"; };
		AF541A88297ED5880016C429 /* MainView.swift */ = {isa = PBXFileReference; lastKnownFileType = sourcecode.swift; path = MainView.swift; sourceTree = "<group>"; };
		AF541A8A297EDE1C0016C429 /* RowView.swift */ = {isa = PBXFileReference; lastKnownFileType = sourcecode.swift; path = RowView.swift; sourceTree = "<group>"; };
		E241FB782992A75600076F3A /* User.swift */ = {isa = PBXFileReference; lastKnownFileType = sourcecode.swift; path = User.swift; sourceTree = "<group>"; };
		E241FB7A2992A89D00076F3A /* File.swift */ = {isa = PBXFileReference; lastKnownFileType = sourcecode.swift; path = File.swift; sourceTree = "<group>"; };
		E241FB7C2992A91E00076F3A /* ConferenceViewModel.swift */ = {isa = PBXFileReference; lastKnownFileType = sourcecode.swift; path = ConferenceViewModel.swift; sourceTree = "<group>"; };
/* End PBXFileReference section */

/* Begin PBXFrameworksBuildPhase section */
		AF541A49297ED4C30016C429 /* Frameworks */ = {
			isa = PBXFrameworksBuildPhase;
			buildActionMask = 2147483647;
			files = (
			);
			runOnlyForDeploymentPostprocessing = 0;
		};
		AF541A4F297ED4C30016C429 /* Frameworks */ = {
			isa = PBXFrameworksBuildPhase;
			buildActionMask = 2147483647;
			files = (
			);
			runOnlyForDeploymentPostprocessing = 0;
		};
		AF541A56297ED4C30016C429 /* Frameworks */ = {
			isa = PBXFrameworksBuildPhase;
			buildActionMask = 2147483647;
			files = (
			);
			runOnlyForDeploymentPostprocessing = 0;
		};
		AF541A62297ED4C30016C429 /* Frameworks */ = {
			isa = PBXFrameworksBuildPhase;
			buildActionMask = 2147483647;
			files = (
			);
			runOnlyForDeploymentPostprocessing = 0;
		};
/* End PBXFrameworksBuildPhase section */

/* Begin PBXGroup section */
		AF541A3F297ED4BF0016C429 = {
			isa = PBXGroup;
			children = (
				AF541A44297ED4BF0016C429 /* Shared */,
				AF541A53297ED4C30016C429 /* macOS */,
				AF541A5C297ED4C30016C429 /* Tests iOS */,
				AF541A68297ED4C30016C429 /* Tests macOS */,
				AF541A4D297ED4C30016C429 /* Products */,
			);
			sourceTree = "<group>";
		};
		AF541A44297ED4BF0016C429 /* Shared */ = {
			isa = PBXGroup;
			children = (
				E241FB772992A72100076F3A /* ViewModel */,
				E241FB762992A71800076F3A /* Model */,
				AF541A81297ED4E40016C429 /* View */,
				AF541A45297ED4BF0016C429 /* ProjetApp.swift */,
				AF541A46297ED4BF0016C429 /* ContentView.swift */,
				AF541A47297ED4C30016C429 /* Assets.xcassets */,
			);
			path = Shared;
			sourceTree = "<group>";
		};
		AF541A4D297ED4C30016C429 /* Products */ = {
			isa = PBXGroup;
			children = (
				AF541A4C297ED4C30016C429 /* Projet.app */,
				AF541A52297ED4C30016C429 /* Projet.app */,
				AF541A59297ED4C30016C429 /* Tests iOS.xctest */,
				AF541A65297ED4C30016C429 /* Tests macOS.xctest */,
			);
			name = Products;
			sourceTree = "<group>";
		};
		AF541A53297ED4C30016C429 /* macOS */ = {
			isa = PBXGroup;
			children = (
				AF541A54297ED4C30016C429 /* macOS.entitlements */,
			);
			path = macOS;
			sourceTree = "<group>";
		};
		AF541A5C297ED4C30016C429 /* Tests iOS */ = {
			isa = PBXGroup;
			children = (
				AF541A5D297ED4C30016C429 /* Tests_iOS.swift */,
				AF541A5F297ED4C30016C429 /* Tests_iOSLaunchTests.swift */,
			);
			path = "Tests iOS";
			sourceTree = "<group>";
		};
		AF541A68297ED4C30016C429 /* Tests macOS */ = {
			isa = PBXGroup;
			children = (
				AF541A69297ED4C30016C429 /* Tests_macOS.swift */,
				AF541A6B297ED4C30016C429 /* Tests_macOSLaunchTests.swift */,
			);
			path = "Tests macOS";
			sourceTree = "<group>";
		};
		AF541A81297ED4E40016C429 /* View */ = {
			isa = PBXGroup;
			children = (
				AF541A82297ED53D0016C429 /* MapView.swift */,
				AF541A84297ED54B0016C429 /* ListView.swift */,
				AF541A86297ED5640016C429 /* ProfileView.swift */,
				AF541A88297ED5880016C429 /* MainView.swift */,
				AF541A8A297EDE1C0016C429 /* RowView.swift */,
				AF2C755129928F090056A435 /* SheetView.swift */,
			);
			path = View;
			sourceTree = "<group>";
		};
		E241FB762992A71800076F3A /* Model */ = {
			isa = PBXGroup;
			children = (
				E241FB782992A75600076F3A /* User.swift */,
				E241FB7A2992A89D00076F3A /* File.swift */,
				E241FB7C2992A91E00076F3A /* ConferenceViewModel.swift */,
			);
			path = Model;
			sourceTree = "<group>";
		};
		E241FB772992A72100076F3A /* ViewModel */ = {
			isa = PBXGroup;
			children = (
			);
			path = ViewModel;
			sourceTree = "<group>";
		};
/* End PBXGroup section */

/* Begin PBXNativeTarget section */
		AF541A4B297ED4C30016C429 /* Projet (iOS) */ = {
			isa = PBXNativeTarget;
			buildConfigurationList = AF541A75297ED4C30016C429 /* Build configuration list for PBXNativeTarget "Projet (iOS)" */;
			buildPhases = (
				AF541A48297ED4C30016C429 /* Sources */,
				AF541A49297ED4C30016C429 /* Frameworks */,
				AF541A4A297ED4C30016C429 /* Resources */,
			);
			buildRules = (
			);
			dependencies = (
			);
			name = "Projet (iOS)";
			productName = "Projet (iOS)";
			productReference = AF541A4C297ED4C30016C429 /* Projet.app */;
			productType = "com.apple.product-type.application";
		};
		AF541A51297ED4C30016C429 /* Projet (macOS) */ = {
			isa = PBXNativeTarget;
			buildConfigurationList = AF541A78297ED4C30016C429 /* Build configuration list for PBXNativeTarget "Projet (macOS)" */;
			buildPhases = (
				AF541A4E297ED4C30016C429 /* Sources */,
				AF541A4F297ED4C30016C429 /* Frameworks */,
				AF541A50297ED4C30016C429 /* Resources */,
			);
			buildRules = (
			);
			dependencies = (
			);
			name = "Projet (macOS)";
			productName = "Projet (macOS)";
			productReference = AF541A52297ED4C30016C429 /* Projet.app */;
			productType = "com.apple.product-type.application";
		};
		AF541A58297ED4C30016C429 /* Tests iOS */ = {
			isa = PBXNativeTarget;
			buildConfigurationList = AF541A7B297ED4C30016C429 /* Build configuration list for PBXNativeTarget "Tests iOS" */;
			buildPhases = (
				AF541A55297ED4C30016C429 /* Sources */,
				AF541A56297ED4C30016C429 /* Frameworks */,
				AF541A57297ED4C30016C429 /* Resources */,
			);
			buildRules = (
			);
			dependencies = (
				AF541A5B297ED4C30016C429 /* PBXTargetDependency */,
			);
			name = "Tests iOS";
			productName = "Tests iOS";
			productReference = AF541A59297ED4C30016C429 /* Tests iOS.xctest */;
			productType = "com.apple.product-type.bundle.ui-testing";
		};
		AF541A64297ED4C30016C429 /* Tests macOS */ = {
			isa = PBXNativeTarget;
			buildConfigurationList = AF541A7E297ED4C30016C429 /* Build configuration list for PBXNativeTarget "Tests macOS" */;
			buildPhases = (
				AF541A61297ED4C30016C429 /* Sources */,
				AF541A62297ED4C30016C429 /* Frameworks */,
				AF541A63297ED4C30016C429 /* Resources */,
			);
			buildRules = (
			);
			dependencies = (
				AF541A67297ED4C30016C429 /* PBXTargetDependency */,
			);
			name = "Tests macOS";
			productName = "Tests macOS";
			productReference = AF541A65297ED4C30016C429 /* Tests macOS.xctest */;
			productType = "com.apple.product-type.bundle.ui-testing";
		};
/* End PBXNativeTarget section */

/* Begin PBXProject section */
		AF541A40297ED4BF0016C429 /* Project object */ = {
			isa = PBXProject;
			attributes = {
				BuildIndependentTargetsInParallel = 1;
				LastSwiftUpdateCheck = 1310;
				LastUpgradeCheck = 1310;
				TargetAttributes = {
					AF541A4B297ED4C30016C429 = {
						CreatedOnToolsVersion = 13.1;
					};
					AF541A51297ED4C30016C429 = {
						CreatedOnToolsVersion = 13.1;
					};
					AF541A58297ED4C30016C429 = {
						CreatedOnToolsVersion = 13.1;
						TestTargetID = AF541A4B297ED4C30016C429;
					};
					AF541A64297ED4C30016C429 = {
						CreatedOnToolsVersion = 13.1;
						TestTargetID = AF541A51297ED4C30016C429;
					};
				};
			};
			buildConfigurationList = AF541A43297ED4BF0016C429 /* Build configuration list for PBXProject "Projet" */;
			compatibilityVersion = "Xcode 13.0";
			developmentRegion = en;
			hasScannedForEncodings = 0;
			knownRegions = (
				en,
				Base,
			);
			mainGroup = AF541A3F297ED4BF0016C429;
			productRefGroup = AF541A4D297ED4C30016C429 /* Products */;
			projectDirPath = "";
			projectRoot = "";
			targets = (
				AF541A4B297ED4C30016C429 /* Projet (iOS) */,
				AF541A51297ED4C30016C429 /* Projet (macOS) */,
				AF541A58297ED4C30016C429 /* Tests iOS */,
				AF541A64297ED4C30016C429 /* Tests macOS */,
			);
		};
/* End PBXProject section */

/* Begin PBXResourcesBuildPhase section */
		AF541A4A297ED4C30016C429 /* Resources */ = {
			isa = PBXResourcesBuildPhase;
			buildActionMask = 2147483647;
			files = (
				AF541A71297ED4C30016C429 /* Assets.xcassets in Resources */,
			);
			runOnlyForDeploymentPostprocessing = 0;
		};
		AF541A50297ED4C30016C429 /* Resources */ = {
			isa = PBXResourcesBuildPhase;
			buildActionMask = 2147483647;
			files = (
				AF541A72297ED4C30016C429 /* Assets.xcassets in Resources */,
			);
			runOnlyForDeploymentPostprocessing = 0;
		};
		AF541A57297ED4C30016C429 /* Resources */ = {
			isa = PBXResourcesBuildPhase;
			buildActionMask = 2147483647;
			files = (
			);
			runOnlyForDeploymentPostprocessing = 0;
		};
		AF541A63297ED4C30016C429 /* Resources */ = {
			isa = PBXResourcesBuildPhase;
			buildActionMask = 2147483647;
			files = (
			);
			runOnlyForDeploymentPostprocessing = 0;
		};
/* End PBXResourcesBuildPhase section */

/* Begin PBXSourcesBuildPhase section */
		AF541A48297ED4C30016C429 /* Sources */ = {
			isa = PBXSourcesBuildPhase;
			buildActionMask = 2147483647;
			files = (
				AF541A85297ED54B0016C429 /* ListView.swift in Sources */,
				AF541A89297ED5880016C429 /* MainView.swift in Sources */,
				AF541A8B297EDE1C0016C429 /* RowView.swift in Sources */,
				AF541A6F297ED4C30016C429 /* ContentView.swift in Sources */,
				AF541A87297ED5640016C429 /* ProfileView.swift in Sources */,
				E241FB7B2992A89D00076F3A /* File.swift in Sources */,
				E241FB792992A75600076F3A /* User.swift in Sources */,
				AF541A83297ED53D0016C429 /* MapView.swift in Sources */,
				AF2C755229928F090056A435 /* SheetView.swift in Sources */,
				E241FB7D2992A91E00076F3A /* ConferenceViewModel.swift in Sources */,
				AF541A6D297ED4C30016C429 /* ProjetApp.swift in Sources */,
			);
			runOnlyForDeploymentPostprocessing = 0;
		};
		AF541A4E297ED4C30016C429 /* Sources */ = {
			isa = PBXSourcesBuildPhase;
			buildActionMask = 2147483647;
			files = (
				AF541A70297ED4C30016C429 /* ContentView.swift in Sources */,
				AF541A6E297ED4C30016C429 /* ProjetApp.swift in Sources */,
			);
			runOnlyForDeploymentPostprocessing = 0;
		};
		AF541A55297ED4C30016C429 /* Sources */ = {
			isa = PBXSourcesBuildPhase;
			buildActionMask = 2147483647;
			files = (
				AF541A60297ED4C30016C429 /* Tests_iOSLaunchTests.swift in Sources */,
				AF541A5E297ED4C30016C429 /* Tests_iOS.swift in Sources */,
			);
			runOnlyForDeploymentPostprocessing = 0;
		};
		AF541A61297ED4C30016C429 /* Sources */ = {
			isa = PBXSourcesBuildPhase;
			buildActionMask = 2147483647;
			files = (
				AF541A6C297ED4C30016C429 /* Tests_macOSLaunchTests.swift in Sources */,
				AF541A6A297ED4C30016C429 /* Tests_macOS.swift in Sources */,
			);
			runOnlyForDeploymentPostprocessing = 0;
		};
/* End PBXSourcesBuildPhase section */

/* Begin PBXTargetDependency section */
		AF541A5B297ED4C30016C429 /* PBXTargetDependency */ = {
			isa = PBXTargetDependency;
			target = AF541A4B297ED4C30016C429 /* Projet (iOS) */;
			targetProxy = AF541A5A297ED4C30016C429 /* PBXContainerItemProxy */;
		};
		AF541A67297ED4C30016C429 /* PBXTargetDependency */ = {
			isa = PBXTargetDependency;
			target = AF541A51297ED4C30016C429 /* Projet (macOS) */;
			targetProxy = AF541A66297ED4C30016C429 /* PBXContainerItemProxy */;
		};
/* End PBXTargetDependency section */

/* Begin XCBuildConfiguration section */
		AF541A73297ED4C30016C429 /* Debug */ = {
			isa = XCBuildConfiguration;
			buildSettings = {
				ALWAYS_SEARCH_USER_PATHS = NO;
				CLANG_ANALYZER_NONNULL = YES;
				CLANG_ANALYZER_NUMBER_OBJECT_CONVERSION = YES_AGGRESSIVE;
				CLANG_CXX_LANGUAGE_STANDARD = "gnu++17";
				CLANG_CXX_LIBRARY = "libc++";
				CLANG_ENABLE_MODULES = YES;
				CLANG_ENABLE_OBJC_ARC = YES;
				CLANG_ENABLE_OBJC_WEAK = YES;
				CLANG_WARN_BLOCK_CAPTURE_AUTORELEASING = YES;
				CLANG_WARN_BOOL_CONVERSION = YES;
				CLANG_WARN_COMMA = YES;
				CLANG_WARN_CONSTANT_CONVERSION = YES;
				CLANG_WARN_DEPRECATED_OBJC_IMPLEMENTATIONS = YES;
				CLANG_WARN_DIRECT_OBJC_ISA_USAGE = YES_ERROR;
				CLANG_WARN_DOCUMENTATION_COMMENTS = YES;
				CLANG_WARN_EMPTY_BODY = YES;
				CLANG_WARN_ENUM_CONVERSION = YES;
				CLANG_WARN_INFINITE_RECURSION = YES;
				CLANG_WARN_INT_CONVERSION = YES;
				CLANG_WARN_NON_LITERAL_NULL_CONVERSION = YES;
				CLANG_WARN_OBJC_IMPLICIT_RETAIN_SELF = YES;
				CLANG_WARN_OBJC_LITERAL_CONVERSION = YES;
				CLANG_WARN_OBJC_ROOT_CLASS = YES_ERROR;
				CLANG_WARN_QUOTED_INCLUDE_IN_FRAMEWORK_HEADER = YES;
				CLANG_WARN_RANGE_LOOP_ANALYSIS = YES;
				CLANG_WARN_STRICT_PROTOTYPES = YES;
				CLANG_WARN_SUSPICIOUS_MOVE = YES;
				CLANG_WARN_UNGUARDED_AVAILABILITY = YES_AGGRESSIVE;
				CLANG_WARN_UNREACHABLE_CODE = YES;
				CLANG_WARN__DUPLICATE_METHOD_MATCH = YES;
				COPY_PHASE_STRIP = NO;
				DEBUG_INFORMATION_FORMAT = dwarf;
				ENABLE_STRICT_OBJC_MSGSEND = YES;
				ENABLE_TESTABILITY = YES;
				GCC_C_LANGUAGE_STANDARD = gnu11;
				GCC_DYNAMIC_NO_PIC = NO;
				GCC_NO_COMMON_BLOCKS = YES;
				GCC_OPTIMIZATION_LEVEL = 0;
				GCC_PREPROCESSOR_DEFINITIONS = (
					"DEBUG=1",
					"$(inherited)",
				);
				GCC_WARN_64_TO_32_BIT_CONVERSION = YES;
				GCC_WARN_ABOUT_RETURN_TYPE = YES_ERROR;
				GCC_WARN_UNDECLARED_SELECTOR = YES;
				GCC_WARN_UNINITIALIZED_AUTOS = YES_AGGRESSIVE;
				GCC_WARN_UNUSED_FUNCTION = YES;
				GCC_WARN_UNUSED_VARIABLE = YES;
				MTL_ENABLE_DEBUG_INFO = INCLUDE_SOURCE;
				MTL_FAST_MATH = YES;
				ONLY_ACTIVE_ARCH = YES;
				SWIFT_ACTIVE_COMPILATION_CONDITIONS = DEBUG;
				SWIFT_OPTIMIZATION_LEVEL = "-Onone";
			};
			name = Debug;
		};
		AF541A74297ED4C30016C429 /* Release */ = {
			isa = XCBuildConfiguration;
			buildSettings = {
				ALWAYS_SEARCH_USER_PATHS = NO;
				CLANG_ANALYZER_NONNULL = YES;
				CLANG_ANALYZER_NUMBER_OBJECT_CONVERSION = YES_AGGRESSIVE;
				CLANG_CXX_LANGUAGE_STANDARD = "gnu++17";
				CLANG_CXX_LIBRARY = "libc++";
				CLANG_ENABLE_MODULES = YES;
				CLANG_ENABLE_OBJC_ARC = YES;
				CLANG_ENABLE_OBJC_WEAK = YES;
				CLANG_WARN_BLOCK_CAPTURE_AUTORELEASING = YES;
				CLANG_WARN_BOOL_CONVERSION = YES;
				CLANG_WARN_COMMA = YES;
				CLANG_WARN_CONSTANT_CONVERSION = YES;
				CLANG_WARN_DEPRECATED_OBJC_IMPLEMENTATIONS = YES;
				CLANG_WARN_DIRECT_OBJC_ISA_USAGE = YES_ERROR;
				CLANG_WARN_DOCUMENTATION_COMMENTS = YES;
				CLANG_WARN_EMPTY_BODY = YES;
				CLANG_WARN_ENUM_CONVERSION = YES;
				CLANG_WARN_INFINITE_RECURSION = YES;
				CLANG_WARN_INT_CONVERSION = YES;
				CLANG_WARN_NON_LITERAL_NULL_CONVERSION = YES;
				CLANG_WARN_OBJC_IMPLICIT_RETAIN_SELF = YES;
				CLANG_WARN_OBJC_LITERAL_CONVERSION = YES;
				CLANG_WARN_OBJC_ROOT_CLASS = YES_ERROR;
				CLANG_WARN_QUOTED_INCLUDE_IN_FRAMEWORK_HEADER = YES;
				CLANG_WARN_RANGE_LOOP_ANALYSIS = YES;
				CLANG_WARN_STRICT_PROTOTYPES = YES;
				CLANG_WARN_SUSPICIOUS_MOVE = YES;
				CLANG_WARN_UNGUARDED_AVAILABILITY = YES_AGGRESSIVE;
				CLANG_WARN_UNREACHABLE_CODE = YES;
				CLANG_WARN__DUPLICATE_METHOD_MATCH = YES;
				COPY_PHASE_STRIP = NO;
				DEBUG_INFORMATION_FORMAT = "dwarf-with-dsym";
				ENABLE_NS_ASSERTIONS = NO;
				ENABLE_STRICT_OBJC_MSGSEND = YES;
				GCC_C_LANGUAGE_STANDARD = gnu11;
				GCC_NO_COMMON_BLOCKS = YES;
				GCC_WARN_64_TO_32_BIT_CONVERSION = YES;
				GCC_WARN_ABOUT_RETURN_TYPE = YES_ERROR;
				GCC_WARN_UNDECLARED_SELECTOR = YES;
				GCC_WARN_UNINITIALIZED_AUTOS = YES_AGGRESSIVE;
				GCC_WARN_UNUSED_FUNCTION = YES;
				GCC_WARN_UNUSED_VARIABLE = YES;
				MTL_ENABLE_DEBUG_INFO = NO;
				MTL_FAST_MATH = YES;
				SWIFT_COMPILATION_MODE = wholemodule;
				SWIFT_OPTIMIZATION_LEVEL = "-O";
			};
			name = Release;
		};
		AF541A76297ED4C30016C429 /* Debug */ = {
			isa = XCBuildConfiguration;
			buildSettings = {
				ASSETCATALOG_COMPILER_APPICON_NAME = AppIcon;
				ASSETCATALOG_COMPILER_GLOBAL_ACCENT_COLOR_NAME = AccentColor;
				CODE_SIGN_STYLE = Automatic;
				CURRENT_PROJECT_VERSION = 1;
				ENABLE_PREVIEWS = YES;
				GENERATE_INFOPLIST_FILE = YES;
				INFOPLIST_KEY_UIApplicationSceneManifest_Generation = YES;
				INFOPLIST_KEY_UIApplicationSupportsIndirectInputEvents = YES;
				INFOPLIST_KEY_UILaunchScreen_Generation = YES;
				INFOPLIST_KEY_UISupportedInterfaceOrientations_iPad = "UIInterfaceOrientationPortrait UIInterfaceOrientationPortraitUpsideDown UIInterfaceOrientationLandscapeLeft UIInterfaceOrientationLandscapeRight";
				INFOPLIST_KEY_UISupportedInterfaceOrientations_iPhone = "UIInterfaceOrientationPortrait UIInterfaceOrientationLandscapeLeft UIInterfaceOrientationLandscapeRight";
				IPHONEOS_DEPLOYMENT_TARGET = 15.0;
				LD_RUNPATH_SEARCH_PATHS = (
					"$(inherited)",
					"@executable_path/Frameworks",
				);
				MARKETING_VERSION = 1.0;
				PRODUCT_BUNDLE_IDENTIFIER = com.Projet;
				PRODUCT_NAME = Projet;
				SDKROOT = iphoneos;
				SWIFT_EMIT_LOC_STRINGS = YES;
				SWIFT_VERSION = 5.0;
				TARGETED_DEVICE_FAMILY = "1,2";
			};
			name = Debug;
		};
		AF541A77297ED4C30016C429 /* Release */ = {
			isa = XCBuildConfiguration;
			buildSettings = {
				ASSETCATALOG_COMPILER_APPICON_NAME = AppIcon;
				ASSETCATALOG_COMPILER_GLOBAL_ACCENT_COLOR_NAME = AccentColor;
				CODE_SIGN_STYLE = Automatic;
				CURRENT_PROJECT_VERSION = 1;
				ENABLE_PREVIEWS = YES;
				GENERATE_INFOPLIST_FILE = YES;
				INFOPLIST_KEY_UIApplicationSceneManifest_Generation = YES;
				INFOPLIST_KEY_UIApplicationSupportsIndirectInputEvents = YES;
				INFOPLIST_KEY_UILaunchScreen_Generation = YES;
				INFOPLIST_KEY_UISupportedInterfaceOrientations_iPad = "UIInterfaceOrientationPortrait UIInterfaceOrientationPortraitUpsideDown UIInterfaceOrientationLandscapeLeft UIInterfaceOrientationLandscapeRight";
				INFOPLIST_KEY_UISupportedInterfaceOrientations_iPhone = "UIInterfaceOrientationPortrait UIInterfaceOrientationLandscapeLeft UIInterfaceOrientationLandscapeRight";
				IPHONEOS_DEPLOYMENT_TARGET = 15.0;
				LD_RUNPATH_SEARCH_PATHS = (
					"$(inherited)",
					"@executable_path/Frameworks",
				);
				MARKETING_VERSION = 1.0;
				PRODUCT_BUNDLE_IDENTIFIER = com.Projet;
				PRODUCT_NAME = Projet;
				SDKROOT = iphoneos;
				SWIFT_EMIT_LOC_STRINGS = YES;
				SWIFT_VERSION = 5.0;
				TARGETED_DEVICE_FAMILY = "1,2";
				VALIDATE_PRODUCT = YES;
			};
			name = Release;
		};
		AF541A79297ED4C30016C429 /* Debug */ = {
			isa = XCBuildConfiguration;
			buildSettings = {
				ASSETCATALOG_COMPILER_APPICON_NAME = AppIcon;
				ASSETCATALOG_COMPILER_GLOBAL_ACCENT_COLOR_NAME = AccentColor;
				CODE_SIGN_ENTITLEMENTS = macOS/macOS.entitlements;
				CODE_SIGN_STYLE = Automatic;
				COMBINE_HIDPI_IMAGES = YES;
				CURRENT_PROJECT_VERSION = 1;
				ENABLE_PREVIEWS = YES;
				GENERATE_INFOPLIST_FILE = YES;
				INFOPLIST_KEY_NSHumanReadableCopyright = "";
				LD_RUNPATH_SEARCH_PATHS = (
					"$(inherited)",
					"@executable_path/../Frameworks",
				);
				MACOSX_DEPLOYMENT_TARGET = 12.0;
				MARKETING_VERSION = 1.0;
				PRODUCT_BUNDLE_IDENTIFIER = com.Projet;
				PRODUCT_NAME = Projet;
				SDKROOT = macosx;
				SWIFT_EMIT_LOC_STRINGS = YES;
				SWIFT_VERSION = 5.0;
			};
			name = Debug;
		};
		AF541A7A297ED4C30016C429 /* Release */ = {
			isa = XCBuildConfiguration;
			buildSettings = {
				ASSETCATALOG_COMPILER_APPICON_NAME = AppIcon;
				ASSETCATALOG_COMPILER_GLOBAL_ACCENT_COLOR_NAME = AccentColor;
				CODE_SIGN_ENTITLEMENTS = macOS/macOS.entitlements;
				CODE_SIGN_STYLE = Automatic;
				COMBINE_HIDPI_IMAGES = YES;
				CURRENT_PROJECT_VERSION = 1;
				ENABLE_PREVIEWS = YES;
				GENERATE_INFOPLIST_FILE = YES;
				INFOPLIST_KEY_NSHumanReadableCopyright = "";
				LD_RUNPATH_SEARCH_PATHS = (
					"$(inherited)",
					"@executable_path/../Frameworks",
				);
				MACOSX_DEPLOYMENT_TARGET = 12.0;
				MARKETING_VERSION = 1.0;
				PRODUCT_BUNDLE_IDENTIFIER = com.Projet;
				PRODUCT_NAME = Projet;
				SDKROOT = macosx;
				SWIFT_EMIT_LOC_STRINGS = YES;
				SWIFT_VERSION = 5.0;
			};
			name = Release;
		};
		AF541A7C297ED4C30016C429 /* Debug */ = {
			isa = XCBuildConfiguration;
			buildSettings = {
				ALWAYS_EMBED_SWIFT_STANDARD_LIBRARIES = YES;
				CODE_SIGN_STYLE = Automatic;
				CURRENT_PROJECT_VERSION = 1;
				GENERATE_INFOPLIST_FILE = YES;
				IPHONEOS_DEPLOYMENT_TARGET = 15.0;
				LD_RUNPATH_SEARCH_PATHS = (
					"$(inherited)",
					"@executable_path/Frameworks",
					"@loader_path/Frameworks",
				);
				MARKETING_VERSION = 1.0;
				PRODUCT_BUNDLE_IDENTIFIER = "com.Tests-iOS";
				PRODUCT_NAME = "$(TARGET_NAME)";
				SDKROOT = iphoneos;
				SWIFT_EMIT_LOC_STRINGS = NO;
				SWIFT_VERSION = 5.0;
				TARGETED_DEVICE_FAMILY = "1,2";
				TEST_TARGET_NAME = "Projet (iOS)";
			};
			name = Debug;
		};
		AF541A7D297ED4C30016C429 /* Release */ = {
			isa = XCBuildConfiguration;
			buildSettings = {
				ALWAYS_EMBED_SWIFT_STANDARD_LIBRARIES = YES;
				CODE_SIGN_STYLE = Automatic;
				CURRENT_PROJECT_VERSION = 1;
				GENERATE_INFOPLIST_FILE = YES;
				IPHONEOS_DEPLOYMENT_TARGET = 15.0;
				LD_RUNPATH_SEARCH_PATHS = (
					"$(inherited)",
					"@executable_path/Frameworks",
					"@loader_path/Frameworks",
				);
				MARKETING_VERSION = 1.0;
				PRODUCT_BUNDLE_IDENTIFIER = "com.Tests-iOS";
				PRODUCT_NAME = "$(TARGET_NAME)";
				SDKROOT = iphoneos;
				SWIFT_EMIT_LOC_STRINGS = NO;
				SWIFT_VERSION = 5.0;
				TARGETED_DEVICE_FAMILY = "1,2";
				TEST_TARGET_NAME = "Projet (iOS)";
				VALIDATE_PRODUCT = YES;
			};
			name = Release;
		};
		AF541A7F297ED4C30016C429 /* Debug */ = {
			isa = XCBuildConfiguration;
			buildSettings = {
				ALWAYS_EMBED_SWIFT_STANDARD_LIBRARIES = YES;
				CODE_SIGN_STYLE = Automatic;
				COMBINE_HIDPI_IMAGES = YES;
				CURRENT_PROJECT_VERSION = 1;
				GENERATE_INFOPLIST_FILE = YES;
				LD_RUNPATH_SEARCH_PATHS = (
					"$(inherited)",
					"@executable_path/../Frameworks",
					"@loader_path/../Frameworks",
				);
				MACOSX_DEPLOYMENT_TARGET = 12.0;
				MARKETING_VERSION = 1.0;
				PRODUCT_BUNDLE_IDENTIFIER = "com.Tests-macOS";
				PRODUCT_NAME = "$(TARGET_NAME)";
				SDKROOT = macosx;
				SWIFT_EMIT_LOC_STRINGS = NO;
				SWIFT_VERSION = 5.0;
				TEST_TARGET_NAME = "Projet (macOS)";
			};
			name = Debug;
		};
		AF541A80297ED4C30016C429 /* Release */ = {
			isa = XCBuildConfiguration;
			buildSettings = {
				ALWAYS_EMBED_SWIFT_STANDARD_LIBRARIES = YES;
				CODE_SIGN_STYLE = Automatic;
				COMBINE_HIDPI_IMAGES = YES;
				CURRENT_PROJECT_VERSION = 1;
				GENERATE_INFOPLIST_FILE = YES;
				LD_RUNPATH_SEARCH_PATHS = (
					"$(inherited)",
					"@executable_path/../Frameworks",
					"@loader_path/../Frameworks",
				);
				MACOSX_DEPLOYMENT_TARGET = 12.0;
				MARKETING_VERSION = 1.0;
				PRODUCT_BUNDLE_IDENTIFIER = "com.Tests-macOS";
				PRODUCT_NAME = "$(TARGET_NAME)";
				SDKROOT = macosx;
				SWIFT_EMIT_LOC_STRINGS = NO;
				SWIFT_VERSION = 5.0;
				TEST_TARGET_NAME = "Projet (macOS)";
			};
			name = Release;
		};
/* End XCBuildConfiguration section */

/* Begin XCConfigurationList section */
		AF541A43297ED4BF0016C429 /* Build configuration list for PBXProject "Projet" */ = {
			isa = XCConfigurationList;
			buildConfigurations = (
				AF541A73297ED4C30016C429 /* Debug */,
				AF541A74297ED4C30016C429 /* Release */,
			);
			defaultConfigurationIsVisible = 0;
			defaultConfigurationName = Release;
		};
		AF541A75297ED4C30016C429 /* Build configuration list for PBXNativeTarget "Projet (iOS)" */ = {
			isa = XCConfigurationList;
			buildConfigurations = (
				AF541A76297ED4C30016C429 /* Debug */,
				AF541A77297ED4C30016C429 /* Release */,
			);
			defaultConfigurationIsVisible = 0;
			defaultConfigurationName = Release;
		};
		AF541A78297ED4C30016C429 /* Build configuration list for PBXNativeTarget "Projet (macOS)" */ = {
			isa = XCConfigurationList;
			buildConfigurations = (
				AF541A79297ED4C30016C429 /* Debug */,
				AF541A7A297ED4C30016C429 /* Release */,
			);
			defaultConfigurationIsVisible = 0;
			defaultConfigurationName = Release;
		};
		AF541A7B297ED4C30016C429 /* Build configuration list for PBXNativeTarget "Tests iOS" */ = {
			isa = XCConfigurationList;
			buildConfigurations = (
				AF541A7C297ED4C30016C429 /* Debug */,
				AF541A7D297ED4C30016C429 /* Release */,
			);
			defaultConfigurationIsVisible = 0;
			defaultConfigurationName = Release;
		};
		AF541A7E297ED4C30016C429 /* Build configuration list for PBXNativeTarget "Tests macOS" */ = {
			isa = XCConfigurationList;
			buildConfigurations = (
				AF541A7F297ED4C30016C429 /* Debug */,
				AF541A80297ED4C30016C429 /* Release */,
			);
			defaultConfigurationIsVisible = 0;
			defaultConfigurationName = Release;
		};
/* End XCConfigurationList section */
	};
	rootObject = AF541A40297ED4BF0016C429 /* Project object */;
}
